
Microsoft Visual Studio Solution File, Format Version 12.00
# Visual Studio Version 17
VisualStudioVersion = 17.6.33829.357
MinimumVisualStudioVersion = 10.0.40219.1
Project("{FAE04EC0-301F-11D3-BF4B-00C04F79EFBC}") = "WebApplication1", "WebApplication1\WebApplication1.csproj", "{C56AC8AD-9FBD-45F2-9061-C27679527B86}"
EndProject
Global
	GlobalSection(SolutionConfigurationPlatforms) = preSolution
		Debug|Any CPU = Debug|Any CPU
		Release|Any CPU = Release|Any CPU
	EndGlobalSection
	GlobalSection(ProjectConfigurationPlatforms) = postSolution
		{C56AC8AD-9FBD-45F2-9061-C27679527B86}.Debug|Any CPU.ActiveCfg = Debug|Any CPU
		{C56AC8AD-9FBD-45F2-9061-C27679527B86}.Debug|Any CPU.Build.0 = Debug|Any CPU
		{C56AC8AD-9FBD-45F2-9061-C27679527B86}.Release|Any CPU.ActiveCfg = Release|Any CPU
		{C56AC8AD-9FBD-45F2-9061-C27679527B86}.Release|Any CPU.Build.0 = Release|Any CPU
	EndGlobalSection
	GlobalSection(SolutionProperties) = preSolution
		HideSolutionNode = FALSE
	EndGlobalSection
	GlobalSection(ExtensibilityGlobals) = postSolution
		SolutionGuid = {AAB78C0F-0C11-4CEE-893B-9B946504822B}
	EndGlobalSection
EndGlobal
